// !$*UTF8*$!
{
	archiveVersion = 1;
	classes = {
	};
	objectVersion = 50;
	objects = {

/* Begin PBXBuildFile section */
		9010B920256A312C006E5405 /* AppDelegate.swift in Sources */ = {isa = PBXBuildFile; fileRef = 9010B91F256A312C006E5405 /* AppDelegate.swift */; };
		9010B922256A312C006E5405 /* SceneDelegate.swift in Sources */ = {isa = PBXBuildFile; fileRef = 9010B921256A312C006E5405 /* SceneDelegate.swift */; };
		9010B924256A312C006E5405 /* FirstViewController.swift in Sources */ = {isa = PBXBuildFile; fileRef = 9010B923256A312C006E5405 /* FirstViewController.swift */; };
		9010B927256A312C006E5405 /* Main.storyboard in Resources */ = {isa = PBXBuildFile; fileRef = 9010B925256A312C006E5405 /* Main.storyboard */; };
		9010B929256A312D006E5405 /* Assets.xcassets in Resources */ = {isa = PBXBuildFile; fileRef = 9010B928256A312D006E5405 /* Assets.xcassets */; };
		9010B92C256A312D006E5405 /* LaunchScreen.storyboard in Resources */ = {isa = PBXBuildFile; fileRef = 9010B92A256A312D006E5405 /* LaunchScreen.storyboard */; };
		9010B935256A3192006E5405 /* SecondViewController.swift in Sources */ = {isa = PBXBuildFile; fileRef = 9010B934256A3192006E5405 /* SecondViewController.swift */; };
		9010B938256A31D8006E5405 /* Extensions.swift in Sources */ = {isa = PBXBuildFile; fileRef = 9010B937256A31D8006E5405 /* Extensions.swift */; };
		9010B93B256A344E006E5405 /* Protocols.swift in Sources */ = {isa = PBXBuildFile; fileRef = 9010B93A256A344E006E5405 /* Protocols.swift */; };
		9010B93E256A3CF2006E5405 /* ThirdViewController.swift in Sources */ = {isa = PBXBuildFile; fileRef = 9010B93D256A3CF2006E5405 /* ThirdViewController.swift */; };
/* End PBXBuildFile section */

/* Begin PBXFileReference section */
		9010B91C256A312C006E5405 /* SwiftProtocolOverExtension.app */ = {isa = PBXFileReference; explicitFileType = wrapper.application; includeInIndex = 0; path = SwiftProtocolOverExtension.app; sourceTree = BUILT_PRODUCTS_DIR; };
		9010B91F256A312C006E5405 /* AppDelegate.swift */ = {isa = PBXFileReference; lastKnownFileType = sourcecode.swift; path = AppDelegate.swift; sourceTree = "<group>"; };
		9010B921256A312C006E5405 /* SceneDelegate.swift */ = {isa = PBXFileReference; lastKnownFileType = sourcecode.swift; path = SceneDelegate.swift; sourceTree = "<group>"; };
		9010B923256A312C006E5405 /* FirstViewController.swift */ = {isa = PBXFileReference; lastKnownFileType = sourcecode.swift; path = FirstViewController.swift; sourceTree = "<group>"; };
		9010B926256A312C006E5405 /* Base */ = {isa = PBXFileReference; lastKnownFileType = file.storyboard; name = Base; path = Base.lproj/Main.storyboard; sourceTree = "<group>"; };
		9010B928256A312D006E5405 /* Assets.xcassets */ = {isa = PBXFileReference; lastKnownFileType = folder.assetcatalog; path = Assets.xcassets; sourceTree = "<group>"; };
		9010B92B256A312D006E5405 /* Base */ = {isa = PBXFileReference; lastKnownFileType = file.storyboard; name = Base; path = Base.lproj/LaunchScreen.storyboard; sourceTree = "<group>"; };
		9010B92D256A312D006E5405 /* Info.plist */ = {isa = PBXFileReference; lastKnownFileType = text.plist.xml; path = Info.plist; sourceTree = "<group>"; };
		9010B934256A3192006E5405 /* SecondViewController.swift */ = {isa = PBXFileReference; lastKnownFileType = sourcecode.swift; path = SecondViewController.swift; sourceTree = "<group>"; };
		9010B937256A31D8006E5405 /* Extensions.swift */ = {isa = PBXFileReference; lastKnownFileType = sourcecode.swift; path = Extensions.swift; sourceTree = "<group>"; };
		9010B93A256A344E006E5405 /* Protocols.swift */ = {isa = PBXFileReference; lastKnownFileType = sourcecode.swift; path = Protocols.swift; sourceTree = "<group>"; };
		9010B93D256A3CF2006E5405 /* ThirdViewController.swift */ = {isa = PBXFileReference; lastKnownFileType = sourcecode.swift; path = ThirdViewController.swift; sourceTree = "<group>"; };
/* End PBXFileReference section */

/* Begin PBXFrameworksBuildPhase section */
		9010B919256A312C006E5405 /* Frameworks */ = {
			isa = PBXFrameworksBuildPhase;
			buildActionMask = 2147483647;
			files = (
			);
			runOnlyForDeploymentPostprocessing = 0;
		};
/* End PBXFrameworksBuildPhase section */

/* Begin PBXGroup section */
		9010B913256A312C006E5405 = {
			isa = PBXGroup;
			children = (
				9010B91E256A312C006E5405 /* SwiftProtocolOverExtension */,
				9010B91D256A312C006E5405 /* Products */,
			);
			sourceTree = "<group>";
		};
		9010B91D256A312C006E5405 /* Products */ = {
			isa = PBXGroup;
			children = (
				9010B91C256A312C006E5405 /* SwiftProtocolOverExtension.app */,
			);
			name = Products;
			sourceTree = "<group>";
		};
		9010B91E256A312C006E5405 /* SwiftProtocolOverExtension */ = {
			isa = PBXGroup;
			children = (
				9010B91F256A312C006E5405 /* AppDelegate.swift */,
				9010B921256A312C006E5405 /* SceneDelegate.swift */,
				9010B93A256A344E006E5405 /* Protocols.swift */,
				9010B937256A31D8006E5405 /* Extensions.swift */,
				9010B923256A312C006E5405 /* FirstViewController.swift */,
				9010B934256A3192006E5405 /* SecondViewController.swift */,
				9010B93D256A3CF2006E5405 /* ThirdViewController.swift */,
				9010B925256A312C006E5405 /* Main.storyboard */,
				9010B928256A312D006E5405 /* Assets.xcassets */,
				9010B92A256A312D006E5405 /* LaunchScreen.storyboard */,
				9010B92D256A312D006E5405 /* Info.plist */,
			);
			path = SwiftProtocolOverExtension;
			sourceTree = "<group>";
		};
/* End PBXGroup section */

/* Begin PBXNativeTarget section */
		9010B91B256A312C006E5405 /* SwiftProtocolOverExtension */ = {
			isa = PBXNativeTarget;
			buildConfigurationList = 9010B930256A312D006E5405 /* Build configuration list for PBXNativeTarget "SwiftProtocolOverExtension" */;
			buildPhases = (
				9010B918256A312C006E5405 /* Sources */,
				9010B919256A312C006E5405 /* Frameworks */,
				9010B91A256A312C006E5405 /* Resources */,
			);
			buildRules = (
			);
			dependencies = (
			);
			name = SwiftProtocolOverExtension;
			productName = SwiftProtocolOverExtension;
			productReference = 9010B91C256A312C006E5405 /* SwiftProtocolOverExtension.app */;
			productType = "com.apple.product-type.application";
		};
/* End PBXNativeTarget section */

/* Begin PBXProject section */
		9010B914256A312C006E5405 /* Project object */ = {
			isa = PBXProject;
			attributes = {
				LastSwiftUpdateCheck = 1210;
				LastUpgradeCheck = 1210;
				TargetAttributes = {
					9010B91B256A312C006E5405 = {
						CreatedOnToolsVersion = 12.1;
					};
				};
			};
			buildConfigurationList = 9010B917256A312C006E5405 /* Build configuration list for PBXProject "SwiftProtocolOverExtension" */;
			compatibilityVersion = "Xcode 9.3";
			developmentRegion = en;
			hasScannedForEncodings = 0;
			knownRegions = (
				en,
				Base,
			);
			mainGroup = 9010B913256A312C006E5405;
			productRefGroup = 9010B91D256A312C006E5405 /* Products */;
			projectDirPath = "";
			projectRoot = "";
			targets = (
				9010B91B256A312C006E5405 /* SwiftProtocolOverExtension */,
			);
		};
/* End PBXProject section */

/* Begin PBXResourcesBuildPhase section */
		9010B91A256A312C006E5405 /* Resources */ = {
			isa = PBXResourcesBuildPhase;
			buildActionMask = 2147483647;
			files = (
				9010B92C256A312D006E5405 /* LaunchScreen.storyboard in Resources */,
				9010B929256A312D006E5405 /* Assets.xcassets in Resources */,
				9010B927256A312C006E5405 /* Main.storyboard in Resources */,
			);
			runOnlyForDeploymentPostprocessing = 0;
		};
/* End PBXResourcesBuildPhase section */

/* Begin PBXSourcesBuildPhase section */
		9010B918256A312C006E5405 /* Sources */ = {
			isa = PBXSourcesBuildPhase;
			buildActionMask = 2147483647;
			files = (
				9010B938256A31D8006E5405 /* Extensions.swift in Sources */,
				9010B924256A312C006E5405 /* FirstViewController.swift in Sources */,
				9010B935256A3192006E5405 /* SecondViewController.swift in Sources */,
				9010B93E256A3CF2006E5405 /* ThirdViewController.swift in Sources */,
				9010B93B256A344E006E5405 /* Protocols.swift in Sources */,
				9010B920256A312C006E5405 /* AppDelegate.swift in Sources */,
				9010B922256A312C006E5405 /* SceneDelegate.swift in Sources */,
			);
			runOnlyForDeploymentPostprocessing = 0;
		};
/* End PBXSourcesBuildPhase section */

/* Begin PBXVariantGroup section */
		9010B925256A312C006E5405 /* Main.storyboard */ = {
			isa = PBXVariantGroup;
			children = (
				9010B926256A312C006E5405 /* Base */,
			);
			name = Main.storyboard;
			sourceTree = "<group>";
		};
		9010B92A256A312D006E5405 /* LaunchScreen.storyboard */ = {
			isa = PBXVariantGroup;
			children = (
				9010B92B256A312D006E5405 /* Base */,
			);
			name = LaunchScreen.storyboard;
			sourceTree = "<group>";
		};
/* End PBXVariantGroup section */

/* Begin XCBuildConfiguration section */
		9010B92E256A312D006E5405 /* Debug */ = {
			isa = XCBuildConfiguration;
			buildSettings = {
				ALWAYS_SEARCH_USER_PATHS = NO;
				CLANG_ANALYZER_NONNULL = YES;
				CLANG_ANALYZER_NUMBER_OBJECT_CONVERSION = YES_AGGRESSIVE;
				CLANG_CXX_LANGUAGE_STANDARD = "gnu++14";
				CLANG_CXX_LIBRARY = "libc++";
				CLANG_ENABLE_MODULES = YES;
				CLANG_ENABLE_OBJC_ARC = YES;
				CLANG_ENABLE_OBJC_WEAK = YES;
				CLANG_WARN_BLOCK_CAPTURE_AUTORELEASING = YES;
				CLANG_WARN_BOOL_CONVERSION = YES;
				CLANG_WARN_COMMA = YES;
				CLANG_WARN_CONSTANT_CONVERSION = YES;
				CLANG_WARN_DEPRECATED_OBJC_IMPLEMENTATIONS = YES;
				CLANG_WARN_DIRECT_OBJC_ISA_USAGE = YES_ERROR;
				CLANG_WARN_DOCUMENTATION_COMMENTS = YES;
				CLANG_WARN_EMPTY_BODY = YES;
				CLANG_WARN_ENUM_CONVERSION = YES;
				CLANG_WARN_INFINITE_RECURSION = YES;
				CLANG_WARN_INT_CONVERSION = YES;
				CLANG_WARN_NON_LITERAL_NULL_CONVERSION = YES;
				CLANG_WARN_OBJC_IMPLICIT_RETAIN_SELF = YES;
				CLANG_WARN_OBJC_LITERAL_CONVERSION = YES;
				CLANG_WARN_OBJC_ROOT_CLASS = YES_ERROR;
				CLANG_WARN_QUOTED_INCLUDE_IN_FRAMEWORK_HEADER = YES;
				CLANG_WARN_RANGE_LOOP_ANALYSIS = YES;
				CLANG_WARN_STRICT_PROTOTYPES = YES;
				CLANG_WARN_SUSPICIOUS_MOVE = YES;
				CLANG_WARN_UNGUARDED_AVAILABILITY = YES_AGGRESSIVE;
				CLANG_WARN_UNREACHABLE_CODE = YES;
				CLANG_WARN__DUPLICATE_METHOD_MATCH = YES;
				COPY_PHASE_STRIP = NO;
				DEBUG_INFORMATION_FORMAT = dwarf;
				ENABLE_STRICT_OBJC_MSGSEND = YES;
				ENABLE_TESTABILITY = YES;
				GCC_C_LANGUAGE_STANDARD = gnu11;
				GCC_DYNAMIC_NO_PIC = NO;
				GCC_NO_COMMON_BLOCKS = YES;
				GCC_OPTIMIZATION_LEVEL = 0;
				GCC_PREPROCESSOR_DEFINITIONS = (
					"DEBUG=1",
					"$(inherited)",
				);
				GCC_WARN_64_TO_32_BIT_CONVERSION = YES;
				GCC_WARN_ABOUT_RETURN_TYPE = YES_ERROR;
				GCC_WARN_UNDECLARED_SELECTOR = YES;
				GCC_WARN_UNINITIALIZED_AUTOS = YES_AGGRESSIVE;
				GCC_WARN_UNUSED_FUNCTION = YES;
				GCC_WARN_UNUSED_VARIABLE = YES;
				IPHONEOS_DEPLOYMENT_TARGET = 14.1;
				MTL_ENABLE_DEBUG_INFO = INCLUDE_SOURCE;
				MTL_FAST_MATH = YES;
				ONLY_ACTIVE_ARCH = YES;
				SDKROOT = iphoneos;
				SWIFT_ACTIVE_COMPILATION_CONDITIONS = DEBUG;
				SWIFT_OPTIMIZATION_LEVEL = "-Onone";
			};
			name = Debug;
		};
		9010B92F256A312D006E5405 /* Release */ = {
			isa = XCBuildConfiguration;
			buildSettings = {
				ALWAYS_SEARCH_USER_PATHS = NO;
				CLANG_ANALYZER_NONNULL = YES;
				CLANG_ANALYZER_NUMBER_OBJECT_CONVERSION = YES_AGGRESSIVE;
				CLANG_CXX_LANGUAGE_STANDARD = "gnu++14";
				CLANG_CXX_LIBRARY = "libc++";
				CLANG_ENABLE_MODULES = YES;
				CLANG_ENABLE_OBJC_ARC = YES;
				CLANG_ENABLE_OBJC_WEAK = YES;
				CLANG_WARN_BLOCK_CAPTURE_AUTORELEASING = YES;
				CLANG_WARN_BOOL_CONVERSION = YES;
				CLANG_WARN_COMMA = YES;
				CLANG_WARN_CONSTANT_CONVERSION = YES;
				CLANG_WARN_DEPRECATED_OBJC_IMPLEMENTATIONS = YES;
				CLANG_WARN_DIRECT_OBJC_ISA_USAGE = YES_ERROR;
				CLANG_WARN_DOCUMENTATION_COMMENTS = YES;
				CLANG_WARN_EMPTY_BODY = YES;
				CLANG_WARN_ENUM_CONVERSION = YES;
				CLANG_WARN_INFINITE_RECURSION = YES;
				CLANG_WARN_INT_CONVERSION = YES;
				CLANG_WARN_NON_LITERAL_NULL_CONVERSION = YES;
				CLANG_WARN_OBJC_IMPLICIT_RETAIN_SELF = YES;
				CLANG_WARN_OBJC_LITERAL_CONVERSION = YES;
				CLANG_WARN_OBJC_ROOT_CLASS = YES_ERROR;
				CLANG_WARN_QUOTED_INCLUDE_IN_FRAMEWORK_HEADER = YES;
				CLANG_WARN_RANGE_LOOP_ANALYSIS = YES;
				CLANG_WARN_STRICT_PROTOTYPES = YES;
				CLANG_WARN_SUSPICIOUS_MOVE = YES;
				CLANG_WARN_UNGUARDED_AVAILABILITY = YES_AGGRESSIVE;
				CLANG_WARN_UNREACHABLE_CODE = YES;
				CLANG_WARN__DUPLICATE_METHOD_MATCH = YES;
				COPY_PHASE_STRIP = NO;
				DEBUG_INFORMATION_FORMAT = "dwarf-with-dsym";
				ENABLE_NS_ASSERTIONS = NO;
				ENABLE_STRICT_OBJC_MSGSEND = YES;
				GCC_C_LANGUAGE_STANDARD = gnu11;
				GCC_NO_COMMON_BLOCKS = YES;
				GCC_WARN_64_TO_32_BIT_CONVERSION = YES;
				GCC_WARN_ABOUT_RETURN_TYPE = YES_ERROR;
				GCC_WARN_UNDECLARED_SELECTOR = YES;
				GCC_WARN_UNINITIALIZED_AUTOS = YES_AGGRESSIVE;
				GCC_WARN_UNUSED_FUNCTION = YES;
				GCC_WARN_UNUSED_VARIABLE = YES;
				IPHONEOS_DEPLOYMENT_TARGET = 14.1;
				MTL_ENABLE_DEBUG_INFO = NO;
				MTL_FAST_MATH = YES;
				SDKROOT = iphoneos;
				SWIFT_COMPILATION_MODE = wholemodule;
				SWIFT_OPTIMIZATION_LEVEL = "-O";
				VALIDATE_PRODUCT = YES;
			};
			name = Release;
		};
		9010B931256A312D006E5405 /* Debug */ = {
			isa = XCBuildConfiguration;
			buildSettings = {
				ASSETCATALOG_COMPILER_APPICON_NAME = AppIcon;
				ASSETCATALOG_COMPILER_GLOBAL_ACCENT_COLOR_NAME = AccentColor;
				CODE_SIGN_STYLE = Automatic;
				INFOPLIST_FILE = SwiftProtocolOverExtension/Info.plist;
				LD_RUNPATH_SEARCH_PATHS = (
					"$(inherited)",
					"@executable_path/Frameworks",
				);
				PRODUCT_BUNDLE_IDENTIFIER = SG.SwiftProtocolOverExtension;
				PRODUCT_NAME = "$(TARGET_NAME)";
				SWIFT_VERSION = 5.0;
				TARGETED_DEVICE_FAMILY = "1,2";
			};
			name = Debug;
		};
		9010B932256A312D006E5405 /* Release */ = {
			isa = XCBuildConfiguration;
			buildSettings = {
				ASSETCATALOG_COMPILER_APPICON_NAME = AppIcon;
				ASSETCATALOG_COMPILER_GLOBAL_ACCENT_COLOR_NAME = AccentColor;
				CODE_SIGN_STYLE = Automatic;
				INFOPLIST_FILE = SwiftProtocolOverExtension/Info.plist;
				LD_RUNPATH_SEARCH_PATHS = (
					"$(inherited)",
					"@executable_path/Frameworks",
				);
				PRODUCT_BUNDLE_IDENTIFIER = SG.SwiftProtocolOverExtension;
				PRODUCT_NAME = "$(TARGET_NAME)";
				SWIFT_VERSION = 5.0;
				TARGETED_DEVICE_FAMILY = "1,2";
			};
			name = Release;
		};
/* End XCBuildConfiguration section */

/* Begin XCConfigurationList section */
		9010B917256A312C006E5405 /* Build configuration list for PBXProject "SwiftProtocolOverExtension" */ = {
			isa = XCConfigurationList;
			buildConfigurations = (
				9010B92E256A312D006E5405 /* Debug */,
				9010B92F256A312D006E5405 /* Release */,
			);
			defaultConfigurationIsVisible = 0;
			defaultConfigurationName = Release;
		};
		9010B930256A312D006E5405 /* Build configuration list for PBXNativeTarget "SwiftProtocolOverExtension" */ = {
			isa = XCConfigurationList;
			buildConfigurations = (
				9010B931256A312D006E5405 /* Debug */,
				9010B932256A312D006E5405 /* Release */,
			);
			defaultConfigurationIsVisible = 0;
			defaultConfigurationName = Release;
		};
/* End XCConfigurationList section */
	};
	rootObject = 9010B914256A312C006E5405 /* Project object */;
}
